{
  "requires": true,
  "lockfileVersion": 1,
  "dependencies": {
    "@babel/helper-module-imports": {
      "version": "7.8.3",
      "resolved": "https://registry.npmjs.org/@babel/helper-module-imports/-/helper-module-imports-7.8.3.tgz",
      "integrity": "sha512-R0Bx3jippsbAEtzkpZ/6FIiuzOURPcMjHp+Z6xPe6DtApDJx+w7UYyOLanZqO8+wKR9G10s/FmHXvxaMd9s6Kg==",
      "requires": {
        "@babel/types": "^7.8.3"
      }
    },
    "@babel/helper-plugin-utils": {
      "version": "7.8.3",
      "resolved": "https://registry.npmjs.org/@babel/helper-plugin-utils/-/helper-plugin-utils-7.8.3.tgz",
      "integrity": "sha512-j+fq49Xds2smCUNYmEHF9kGNkhbet6yVIBp4e6oeQpH1RUs/Ir06xUKzDjDkGcaaokPiTNs2JBWHjaE4csUkZQ=="
    },
    "@babel/plugin-transform-runtime": {
      "version": "7.8.3",
      "resolved": "https://registry.npmjs.org/@babel/plugin-transform-runtime/-/plugin-transform-runtime-7.8.3.tgz",
      "integrity": "sha512-/vqUt5Yh+cgPZXXjmaG9NT8aVfThKk7G4OqkVhrXqwsC5soMn/qTCxs36rZ2QFhpfTJcjw4SNDIZ4RUb8OL4jQ==",
      "requires": {
        "@babel/helper-module-imports": "^7.8.3",
        "@babel/helper-plugin-utils": "^7.8.3",
        "resolve": "^1.8.1",
        "semver": "^5.5.1"
      }
    },
    "@babel/runtime": {
      "version": "7.8.7",
      "resolved": "https://registry.npmjs.org/@babel/runtime/-/runtime-7.8.7.tgz",
      "integrity": "sha512-+AATMUFppJDw6aiR5NVPHqIQBlV/Pj8wY/EZH+lmvRdUo9xBaz/rF3alAwFJQavvKfeOlPE7oaaDHVbcySbCsg==",
      "requires": {
        "regenerator-runtime": "^0.13.4"
      }
    },
    "@babel/types": {
      "version": "7.8.7",
      "resolved": "https://registry.npmjs.org/@babel/types/-/types-7.8.7.tgz",
      "integrity": "sha512-k2TreEHxFA4CjGkL+GYjRyx35W0Mr7DP5+9q6WMkyKXB+904bYmG40syjMFV0oLlhhFCwWl0vA0DyzTDkwAiJw==",
      "requires": {
        "esutils": "^2.0.2",
        "lodash": "^4.17.13",
        "to-fast-properties": "^2.0.0"
      }
    },
    "esutils": {
      "version": "2.0.3",
      "resolved": "https://registry.npmjs.org/esutils/-/esutils-2.0.3.tgz",
      "integrity": "sha512-kVscqXk4OCp68SZ0dkgEKVi6/8ij300KBWTJq32P/dYeWTSwK41WyTxalN1eRmA5Z9UU/LX9D7FWSmV9SAYx6g=="
    },
    "final-form": {
      "version": "4.18.7",
      "resolved": "https://registry.npmjs.org/final-form/-/final-form-4.18.7.tgz",
      "integrity": "sha512-XdlYYGDcoUcKKVzRJxLg8N/ZG3wVLZvhO7K7PKQWVMjCiIUWdmtBwApw2NFS4P7RJvg8OdF73qGXhhE3K5PuDQ==",
      "requires": {
        "@babel/runtime": "^7.8.3"
      }
    },
    "lodash": {
      "version": "4.17.15",
      "resolved": "https://registry.npmjs.org/lodash/-/lodash-4.17.15.tgz",
      "integrity": "sha512-8xOcRHvCjnocdS5cpwXQXVzmmh5e5+saE2QGoeQmbKmRS6J3VQppPOIt0MnmE+4xlZoumy0GPG0D0MVIQbNA1A=="
    },
    "path-parse": {
      "version": "1.0.6",
      "resolved": "https://registry.npmjs.org/path-parse/-/path-parse-1.0.6.tgz",
      "integrity": "sha512-GSmOT2EbHrINBf9SR7CDELwlJ8AENk3Qn7OikK4nFYAu3Ote2+JYNVvkpAEQm3/TLNEJFD/xZJjzyxg3KBWOzw=="
    },
    "react-final-form": {
      "version": "6.3.5",
      "resolved": "https://registry.npmjs.org/react-final-form/-/react-final-form-6.3.5.tgz",
      "integrity": "sha512-btqEp1+n1WO4bUDopBdvUoIuoGHf91n/EOJg0QU5YjhX9CK+4RIsBI0M41lmyT3H6hWv6NELdX5n5zBJyOIXoA==",
      "requires": {
        "@babel/runtime": "^7.8.3",
        "ts-essentials": "^5.0.0"
      }
    },
    "react-table": {
      "version": "7.0.0-rc.16",
      "resolved": "https://registry.npmjs.org/react-table/-/react-table-7.0.0-rc.16.tgz",
      "integrity": "sha512-2wcGKO56gKlE1IwJnFatCn1yzHIAwRgbTJJQeoSiERJ/Ed6VeLdJLMJkLuSnxZCwD8CjhZD+C/iXEaFubJVW3A==",
      "requires": {
        "@babel/plugin-transform-runtime": "^7.8.3"
      }
    },
    "regenerator-runtime": {
      "version": "0.13.4",
      "resolved": "https://registry.npmjs.org/regenerator-runtime/-/regenerator-runtime-0.13.4.tgz",
      "integrity": "sha512-plpwicqEzfEyTQohIKktWigcLzmNStMGwbOUbykx51/29Z3JOGYldaaNGK7ngNXV+UcoqvIMmloZ48Sr74sd+g=="
    },
    "resolve": {
      "version": "1.15.1",
      "resolved": "https://registry.npmjs.org/resolve/-/resolve-1.15.1.tgz",
      "integrity": "sha512-84oo6ZTtoTUpjgNEr5SJyzQhzL72gaRodsSfyxC/AXRvwu0Yse9H8eF9IpGo7b8YetZhlI6v7ZQ6bKBFV/6S7w==",
      "requires": {
        "path-parse": "^1.0.6"
      }
    },
    "semver": {
      "version": "5.7.1",
      "resolved": "https://registry.npmjs.org/semver/-/semver-5.7.1.tgz",
      "integrity": "sha512-sauaDf/PZdVgrLTNYHRtpXa1iRiKcaebiKQ1BJdpQlWH2lCvexQdX55snPFyK7QzpudqbCI0qXFfOasHdyNDGQ=="
    },
    "to-fast-properties": {
      "version": "2.0.0",
      "resolved": "https://registry.npmjs.org/to-fast-properties/-/to-fast-properties-2.0.0.tgz",
      "integrity": "sha1-3F5pjL0HkmW8c+A3doGk5Og/YW4="
    },
    "ts-essentials": {
      "version": "5.0.0",
      "resolved": "https://registry.npmjs.org/ts-essentials/-/ts-essentials-5.0.0.tgz",
      "integrity": "sha512-ftKWOm6Jq+/UCBekDfxUjLODEd5XGN2EM/+TIQV9LJ5xSV12je4GqdRyv7pXXGGYmEt/nQa6F00xTWYJ5PMjIQ=="
    }
  }
}
